
Microsoft Visual Studio Solution File, Format Version 12.00
# Visual Studio Version 17
VisualStudioVersion = 17.0.31903.59
MinimumVisualStudioVersion = 10.0.40219.1
Project("{FAE04EC0-301F-11D3-BF4B-00C04F79EFBC}") = "LayeredFileSystem.Core", "LayeredFileSystem.Core\LayeredFileSystem.Core.csproj", "{679B00EA-E384-4DF5-A813-8B5A68531D8A}"
EndProject
Project("{FAE04EC0-301F-11D3-BF4B-00C04F79EFBC}") = "LayeredFileSystem.Tests", "LayeredFileSystem.Tests\LayeredFileSystem.Tests.csproj", "{3CE8D060-4B99-4ECB-8D66-A3D1F11F86AE}"
EndProject
Project("{FAE04EC0-301F-11D3-BF4B-00C04F79EFBC}") = "LayeredFileSystem.Sample", "LayeredFileSystem.Sample\LayeredFileSystem.Sample.csproj", "{87CC1874-958B-48B8-95C5-0C5E5CC95BE0}"
EndProject
Project("{FAE04EC0-301F-11D3-BF4B-00C04F79EFBC}") = "LayeredFileSystem.Benchmarks", "LayeredFileSystem.Benchmarks\LayeredFileSystem.Benchmarks.csproj", "{B6B6A988-3091-4FDB-9DFC-64EE715FEBAC}"
EndProject
Global
	GlobalSection(SolutionConfigurationPlatforms) = preSolution
		Debug|Any CPU = Debug|Any CPU
		Debug|x64 = Debug|x64
		Debug|x86 = Debug|x86
		Release|Any CPU = Release|Any CPU
		Release|x64 = Release|x64
		Release|x86 = Release|x86
	EndGlobalSection
	GlobalSection(ProjectConfigurationPlatforms) = postSolution
		{679B00EA-E384-4DF5-A813-8B5A68531D8A}.Debug|Any CPU.ActiveCfg = Debug|Any CPU
		{679B00EA-E384-4DF5-A813-8B5A68531D8A}.Debug|Any CPU.Build.0 = Debug|Any CPU
		{679B00EA-E384-4DF5-A813-8B5A68531D8A}.Debug|x64.ActiveCfg = Debug|Any CPU
		{679B00EA-E384-4DF5-A813-8B5A68531D8A}.Debug|x64.Build.0 = Debug|Any CPU
		{679B00EA-E384-4DF5-A813-8B5A68531D8A}.Debug|x86.ActiveCfg = Debug|Any CPU
		{679B00EA-E384-4DF5-A813-8B5A68531D8A}.Debug|x86.Build.0 = Debug|Any CPU
		{679B00EA-E384-4DF5-A813-8B5A68531D8A}.Release|Any CPU.ActiveCfg = Release|Any CPU
		{679B00EA-E384-4DF5-A813-8B5A68531D8A}.Release|Any CPU.Build.0 = Release|Any CPU
		{679B00EA-E384-4DF5-A813-8B5A68531D8A}.Release|x64.ActiveCfg = Release|Any CPU
		{679B00EA-E384-4DF5-A813-8B5A68531D8A}.Release|x64.Build.0 = Release|Any CPU
		{679B00EA-E384-4DF5-A813-8B5A68531D8A}.Release|x86.ActiveCfg = Release|Any CPU
		{679B00EA-E384-4DF5-A813-8B5A68531D8A}.Release|x86.Build.0 = Release|Any CPU
		{3CE8D060-4B99-4ECB-8D66-A3D1F11F86AE}.Debug|Any CPU.ActiveCfg = Debug|Any CPU
		{3CE8D060-4B99-4ECB-8D66-A3D1F11F86AE}.Debug|Any CPU.Build.0 = Debug|Any CPU
		{3CE8D060-4B99-4ECB-8D66-A3D1F11F86AE}.Debug|x64.ActiveCfg = Debug|Any CPU
		{3CE8D060-4B99-4ECB-8D66-A3D1F11F86AE}.Debug|x64.Build.0 = Debug|Any CPU
		{3CE8D060-4B99-4ECB-8D66-A3D1F11F86AE}.Debug|x86.ActiveCfg = Debug|Any CPU
		{3CE8D060-4B99-4ECB-8D66-A3D1F11F86AE}.Debug|x86.Build.0 = Debug|Any CPU
		{3CE8D060-4B99-4ECB-8D66-A3D1F11F86AE}.Release|Any CPU.ActiveCfg = Release|Any CPU
		{3CE8D060-4B99-4ECB-8D66-A3D1F11F86AE}.Release|Any CPU.Build.0 = Release|Any CPU
		{3CE8D060-4B99-4ECB-8D66-A3D1F11F86AE}.Release|x64.ActiveCfg = Release|Any CPU
		{3CE8D060-4B99-4ECB-8D66-A3D1F11F86AE}.Release|x64.Build.0 = Release|Any CPU
		{3CE8D060-4B99-4ECB-8D66-A3D1F11F86AE}.Release|x86.ActiveCfg = Release|Any CPU
		{3CE8D060-4B99-4ECB-8D66-A3D1F11F86AE}.Release|x86.Build.0 = Release|Any CPU
		{87CC1874-958B-48B8-95C5-0C5E5CC95BE0}.Debug|Any CPU.ActiveCfg = Debug|Any CPU
		{87CC1874-958B-48B8-95C5-0C5E5CC95BE0}.Debug|Any CPU.Build.0 = Debug|Any CPU
		{87CC1874-958B-48B8-95C5-0C5E5CC95BE0}.Debug|x64.ActiveCfg = Debug|Any CPU
		{87CC1874-958B-48B8-95C5-0C5E5CC95BE0}.Debug|x64.Build.0 = Debug|Any CPU
		{87CC1874-958B-48B8-95C5-0C5E5CC95BE0}.Debug|x86.ActiveCfg = Debug|Any CPU
		{87CC1874-958B-48B8-95C5-0C5E5CC95BE0}.Debug|x86.Build.0 = Debug|Any CPU
		{87CC1874-958B-48B8-95C5-0C5E5CC95BE0}.Release|Any CPU.ActiveCfg = Release|Any CPU
		{87CC1874-958B-48B8-95C5-0C5E5CC95BE0}.Release|Any CPU.Build.0 = Release|Any CPU
		{87CC1874-958B-48B8-95C5-0C5E5CC95BE0}.Release|x64.ActiveCfg = Release|Any CPU
		{87CC1874-958B-48B8-95C5-0C5E5CC95BE0}.Release|x64.Build.0 = Release|Any CPU
		{87CC1874-958B-48B8-95C5-0C5E5CC95BE0}.Release|x86.ActiveCfg = Release|Any CPU
		{87CC1874-958B-48B8-95C5-0C5E5CC95BE0}.Release|x86.Build.0 = Release|Any CPU
		{B6B6A988-3091-4FDB-9DFC-64EE715FEBAC}.Debug|Any CPU.ActiveCfg = Debug|Any CPU
		{B6B6A988-3091-4FDB-9DFC-64EE715FEBAC}.Debug|Any CPU.Build.0 = Debug|Any CPU
		{B6B6A988-3091-4FDB-9DFC-64EE715FEBAC}.Debug|x64.ActiveCfg = Debug|Any CPU
		{B6B6A988-3091-4FDB-9DFC-64EE715FEBAC}.Debug|x64.Build.0 = Debug|Any CPU
		{B6B6A988-3091-4FDB-9DFC-64EE715FEBAC}.Debug|x86.ActiveCfg = Debug|Any CPU
		{B6B6A988-3091-4FDB-9DFC-64EE715FEBAC}.Debug|x86.Build.0 = Debug|Any CPU
		{B6B6A988-3091-4FDB-9DFC-64EE715FEBAC}.Release|Any CPU.ActiveCfg = Release|Any CPU
		{B6B6A988-3091-4FDB-9DFC-64EE715FEBAC}.Release|Any CPU.Build.0 = Release|Any CPU
		{B6B6A988-3091-4FDB-9DFC-64EE715FEBAC}.Release|x64.ActiveCfg = Release|Any CPU
		{B6B6A988-3091-4FDB-9DFC-64EE715FEBAC}.Release|x64.Build.0 = Release|Any CPU
		{B6B6A988-3091-4FDB-9DFC-64EE715FEBAC}.Release|x86.ActiveCfg = Release|Any CPU
		{B6B6A988-3091-4FDB-9DFC-64EE715FEBAC}.Release|x86.Build.0 = Release|Any CPU
	EndGlobalSection
	GlobalSection(SolutionProperties) = preSolution
		HideSolutionNode = FALSE
	EndGlobalSection
EndGlobal
